// !$*UTF8*$!
{
	archiveVersion = 1;
	classes = {
	};
	objectVersion = 46;
	objects = {

/* Begin PBXBuildFile section */
		34661ADB44C271F8EE16E117 /* libPods-netNews.a in Frameworks */ = {isa = PBXBuildFile; fileRef = B7C63C3639958E6D45B57FFF /* libPods-netNews.a */; };
		66BCB4CC1E72BD0C00FCA642 /* main.m in Sources */ = {isa = PBXBuildFile; fileRef = 66BCB4CB1E72BD0C00FCA642 /* main.m */; };
		66BCB4CF1E72BD0C00FCA642 /* AppDelegate.m in Sources */ = {isa = PBXBuildFile; fileRef = 66BCB4CE1E72BD0C00FCA642 /* AppDelegate.m */; };
		66BCB4D51E72BD0C00FCA642 /* Main.storyboard in Resources */ = {isa = PBXBuildFile; fileRef = 66BCB4D31E72BD0C00FCA642 /* Main.storyboard */; };
		66BCB4D71E72BD0C00FCA642 /* Assets.xcassets in Resources */ = {isa = PBXBuildFile; fileRef = 66BCB4D61E72BD0C00FCA642 /* Assets.xcassets */; };
		66BCB4DA1E72BD0C00FCA642 /* LaunchScreen.storyboard in Resources */ = {isa = PBXBuildFile; fileRef = 66BCB4D81E72BD0C00FCA642 /* LaunchScreen.storyboard */; };
		66BCB4EA1E72C22400FCA642 /* HomeViewController.m in Sources */ = {isa = PBXBuildFile; fileRef = 66BCB4E91E72C22400FCA642 /* HomeViewController.m */; };
		66BCB4EC1E72C41D00FCA642 /* topic_news.json in Resources */ = {isa = PBXBuildFile; fileRef = 66BCB4EB1E72C41D00FCA642 /* topic_news.json */; };
		66BCB4EF1E72C61C00FCA642 /* MuLuNewsModel.m in Sources */ = {isa = PBXBuildFile; fileRef = 66BCB4EE1E72C61C00FCA642 /* MuLuNewsModel.m */; };
		66BCB4F21E72D5B100FCA642 /* YYLCollectionViewCell.m in Sources */ = {isa = PBXBuildFile; fileRef = 66BCB4F11E72D5B100FCA642 /* YYLCollectionViewCell.m */; };
		66BCB4F51E72DB0C00FCA642 /* NewsTableViewController.m in Sources */ = {isa = PBXBuildFile; fileRef = 66BCB4F41E72DB0C00FCA642 /* NewsTableViewController.m */; };
		66BCB4F91E72DEC000FCA642 /* WebManager.m in Sources */ = {isa = PBXBuildFile; fileRef = 66BCB4F81E72DEC000FCA642 /* WebManager.m */; };
/* End PBXBuildFile section */

/* Begin PBXFileReference section */
		5FCD7E3E4BA6DECC2AF8084A /* Pods-netNews.release.xcconfig */ = {isa = PBXFileReference; includeInIndex = 1; lastKnownFileType = text.xcconfig; name = "Pods-netNews.release.xcconfig"; path = "Pods/Target Support Files/Pods-netNews/Pods-netNews.release.xcconfig"; sourceTree = "<group>"; };
		66BCB4C71E72BD0C00FCA642 /* netNews.app */ = {isa = PBXFileReference; explicitFileType = wrapper.application; includeInIndex = 0; path = netNews.app; sourceTree = BUILT_PRODUCTS_DIR; };
		66BCB4CB1E72BD0C00FCA642 /* main.m */ = {isa = PBXFileReference; lastKnownFileType = sourcecode.c.objc; path = main.m; sourceTree = "<group>"; };
		66BCB4CD1E72BD0C00FCA642 /* AppDelegate.h */ = {isa = PBXFileReference; lastKnownFileType = sourcecode.c.h; path = AppDelegate.h; sourceTree = "<group>"; };
		66BCB4CE1E72BD0C00FCA642 /* AppDelegate.m */ = {isa = PBXFileReference; lastKnownFileType = sourcecode.c.objc; path = AppDelegate.m; sourceTree = "<group>"; };
		66BCB4D41E72BD0C00FCA642 /* Base */ = {isa = PBXFileReference; lastKnownFileType = file.storyboard; name = Base; path = Base.lproj/Main.storyboard; sourceTree = "<group>"; };
		66BCB4D61E72BD0C00FCA642 /* Assets.xcassets */ = {isa = PBXFileReference; lastKnownFileType = folder.assetcatalog; path = Assets.xcassets; sourceTree = "<group>"; };
		66BCB4D91E72BD0C00FCA642 /* Base */ = {isa = PBXFileReference; lastKnownFileType = file.storyboard; name = Base; path = Base.lproj/LaunchScreen.storyboard; sourceTree = "<group>"; };
		66BCB4DB1E72BD0C00FCA642 /* Info.plist */ = {isa = PBXFileReference; lastKnownFileType = text.plist.xml; path = Info.plist; sourceTree = "<group>"; };
		66BCB4E81E72C22400FCA642 /* HomeViewController.h */ = {isa = PBXFileReference; fileEncoding = 4; lastKnownFileType = sourcecode.c.h; path = HomeViewController.h; sourceTree = "<group>"; };
		66BCB4E91E72C22400FCA642 /* HomeViewController.m */ = {isa = PBXFileReference; fileEncoding = 4; lastKnownFileType = sourcecode.c.objc; path = HomeViewController.m; sourceTree = "<group>"; };
		66BCB4EB1E72C41D00FCA642 /* topic_news.json */ = {isa = PBXFileReference; fileEncoding = 4; lastKnownFileType = text.json; path = topic_news.json; sourceTree = "<group>"; };
		66BCB4ED1E72C61C00FCA642 /* MuLuNewsModel.h */ = {isa = PBXFileReference; fileEncoding = 4; lastKnownFileType = sourcecode.c.h; path = MuLuNewsModel.h; sourceTree = "<group>"; };
		66BCB4EE1E72C61C00FCA642 /* MuLuNewsModel.m */ = {isa = PBXFileReference; fileEncoding = 4; lastKnownFileType = sourcecode.c.objc; path = MuLuNewsModel.m; sourceTree = "<group>"; };
		66BCB4F01E72D5B100FCA642 /* YYLCollectionViewCell.h */ = {isa = PBXFileReference; fileEncoding = 4; lastKnownFileType = sourcecode.c.h; path = YYLCollectionViewCell.h; sourceTree = "<group>"; };
		66BCB4F11E72D5B100FCA642 /* YYLCollectionViewCell.m */ = {isa = PBXFileReference; fileEncoding = 4; lastKnownFileType = sourcecode.c.objc; path = YYLCollectionViewCell.m; sourceTree = "<group>"; };
		66BCB4F31E72DB0C00FCA642 /* NewsTableViewController.h */ = {isa = PBXFileReference; fileEncoding = 4; lastKnownFileType = sourcecode.c.h; path = NewsTableViewController.h; sourceTree = "<group>"; };
		66BCB4F41E72DB0C00FCA642 /* NewsTableViewController.m */ = {isa = PBXFileReference; fileEncoding = 4; lastKnownFileType = sourcecode.c.objc; path = NewsTableViewController.m; sourceTree = "<group>"; };
		66BCB4F71E72DEC000FCA642 /* WebManager.h */ = {isa = PBXFileReference; fileEncoding = 4; lastKnownFileType = sourcecode.c.h; path = WebManager.h; sourceTree = "<group>"; };
		66BCB4F81E72DEC000FCA642 /* WebManager.m */ = {isa = PBXFileReference; fileEncoding = 4; lastKnownFileType = sourcecode.c.objc; path = WebManager.m; sourceTree = "<group>"; };
		B7C63C3639958E6D45B57FFF /* libPods-netNews.a */ = {isa = PBXFileReference; explicitFileType = archive.ar; includeInIndex = 0; path = "libPods-netNews.a"; sourceTree = BUILT_PRODUCTS_DIR; };
		FA0BA9100F6F8C1B26F02FCD /* Pods-netNews.debug.xcconfig */ = {isa = PBXFileReference; includeInIndex = 1; lastKnownFileType = text.xcconfig; name = "Pods-netNews.debug.xcconfig"; path = "Pods/Target Support Files/Pods-netNews/Pods-netNews.debug.xcconfig"; sourceTree = "<group>"; };
/* End PBXFileReference section */

/* Begin PBXFrameworksBuildPhase section */
		66BCB4C41E72BD0C00FCA642 /* Frameworks */ = {
			isa = PBXFrameworksBuildPhase;
			buildActionMask = 2147483647;
			files = (
				34661ADB44C271F8EE16E117 /* libPods-netNews.a in Frameworks */,
			);
			runOnlyForDeploymentPostprocessing = 0;
		};
/* End PBXFrameworksBuildPhase section */

/* Begin PBXGroup section */
		66BCB4BE1E72BD0B00FCA642 = {
			isa = PBXGroup;
			children = (
				66BCB4C91E72BD0C00FCA642 /* netNews */,
				66BCB4C81E72BD0C00FCA642 /* Products */,
				762BBD55C8999A58EF1C056F /* Pods */,
				7D44A9341736A0AD3D068E8A /* Frameworks */,
			);
			sourceTree = "<group>";
		};
		66BCB4C81E72BD0C00FCA642 /* Products */ = {
			isa = PBXGroup;
			children = (
				66BCB4C71E72BD0C00FCA642 /* netNews.app */,
			);
			name = Products;
			sourceTree = "<group>";
		};
		66BCB4C91E72BD0C00FCA642 /* netNews */ = {
			isa = PBXGroup;
			children = (
				66BCB4E11E72BF8300FCA642 /* Classes */,
				66BCB4CD1E72BD0C00FCA642 /* AppDelegate.h */,
				66BCB4CE1E72BD0C00FCA642 /* AppDelegate.m */,
				66BCB4EB1E72C41D00FCA642 /* topic_news.json */,
				66BCB4D31E72BD0C00FCA642 /* Main.storyboard */,
				66BCB4D61E72BD0C00FCA642 /* Assets.xcassets */,
				66BCB4D81E72BD0C00FCA642 /* LaunchScreen.storyboard */,
				66BCB4DB1E72BD0C00FCA642 /* Info.plist */,
				66BCB4CA1E72BD0C00FCA642 /* Supporting Files */,
			);
			path = netNews;
			sourceTree = "<group>";
		};
		66BCB4CA1E72BD0C00FCA642 /* Supporting Files */ = {
			isa = PBXGroup;
			children = (
				66BCB4CB1E72BD0C00FCA642 /* main.m */,
			);
			name = "Supporting Files";
			sourceTree = "<group>";
		};
		66BCB4E11E72BF8300FCA642 /* Classes */ = {
			isa = PBXGroup;
			children = (
				66BCB4F61E72DE7800FCA642 /* Tools */,
				66BCB4E21E72BF8300FCA642 /* Home */,
			);
			path = Classes;
			sourceTree = "<group>";
		};
		66BCB4E21E72BF8300FCA642 /* Home */ = {
			isa = PBXGroup;
			children = (
				66BCB4E31E72BF8300FCA642 /* Controller */,
				66BCB4E41E72BF8300FCA642 /* Model */,
				66BCB4E51E72BF8300FCA642 /* View */,
			);
			path = Home;
			sourceTree = "<group>";
		};
		66BCB4E31E72BF8300FCA642 /* Controller */ = {
			isa = PBXGroup;
			children = (
				66BCB4E81E72C22400FCA642 /* HomeViewController.h */,
				66BCB4E91E72C22400FCA642 /* HomeViewController.m */,
				66BCB4F31E72DB0C00FCA642 /* NewsTableViewController.h */,
				66BCB4F41E72DB0C00FCA642 /* NewsTableViewController.m */,
			);
			path = Controller;
			sourceTree = "<group>";
		};
		66BCB4E41E72BF8300FCA642 /* Model */ = {
			isa = PBXGroup;
			children = (
				66BCB4ED1E72C61C00FCA642 /* MuLuNewsModel.h */,
				66BCB4EE1E72C61C00FCA642 /* MuLuNewsModel.m */,
			);
			path = Model;
			sourceTree = "<group>";
		};
		66BCB4E51E72BF8300FCA642 /* View */ = {
			isa = PBXGroup;
			children = (
				66BCB4F01E72D5B100FCA642 /* YYLCollectionViewCell.h */,
				66BCB4F11E72D5B100FCA642 /* YYLCollectionViewCell.m */,
			);
			path = View;
			sourceTree = "<group>";
		};
		66BCB4F61E72DE7800FCA642 /* Tools */ = {
			isa = PBXGroup;
			children = (
				66BCB4F71E72DEC000FCA642 /* WebManager.h */,
				66BCB4F81E72DEC000FCA642 /* WebManager.m */,
			);
			name = Tools;
			sourceTree = "<group>";
		};
		762BBD55C8999A58EF1C056F /* Pods */ = {
			isa = PBXGroup;
			children = (
				FA0BA9100F6F8C1B26F02FCD /* Pods-netNews.debug.xcconfig */,
				5FCD7E3E4BA6DECC2AF8084A /* Pods-netNews.release.xcconfig */,
			);
			name = Pods;
			sourceTree = "<group>";
		};
		7D44A9341736A0AD3D068E8A /* Frameworks */ = {
			isa = PBXGroup;
			children = (
				B7C63C3639958E6D45B57FFF /* libPods-netNews.a */,
			);
			name = Frameworks;
			sourceTree = "<group>";
		};
/* End PBXGroup section */

/* Begin PBXNativeTarget section */
		66BCB4C61E72BD0C00FCA642 /* netNews */ = {
			isa = PBXNativeTarget;
			buildConfigurationList = 66BCB4DE1E72BD0C00FCA642 /* Build configuration list for PBXNativeTarget "netNews" */;
			buildPhases = (
				151E591EB38B49FDE363B54D /* [CP] Check Pods Manifest.lock */,
				66BCB4C31E72BD0C00FCA642 /* Sources */,
				66BCB4C41E72BD0C00FCA642 /* Frameworks */,
				66BCB4C51E72BD0C00FCA642 /* Resources */,
				7A629DB9C7F56AC7F132E59A /* [CP] Embed Pods Frameworks */,
				BBE38DE049A7758F2DCE4847 /* [CP] Copy Pods Resources */,
			);
			buildRules = (
			);
			dependencies = (
			);
			name = netNews;
			productName = netNews;
			productReference = 66BCB4C71E72BD0C00FCA642 /* netNews.app */;
			productType = "com.apple.product-type.application";
		};
/* End PBXNativeTarget section */

/* Begin PBXProject section */
		66BCB4BF1E72BD0B00FCA642 /* Project object */ = {
			isa = PBXProject;
			attributes = {
				LastUpgradeCheck = 0820;
				ORGANIZATIONNAME = yangyinglei;
				TargetAttributes = {
					66BCB4C61E72BD0C00FCA642 = {
						CreatedOnToolsVersion = 8.2.1;
						DevelopmentTeam = 36DA94S6CX;
						ProvisioningStyle = Automatic;
					};
				};
			};
			buildConfigurationList = 66BCB4C21E72BD0B00FCA642 /* Build configuration list for PBXProject "netNews" */;
			compatibilityVersion = "Xcode 3.2";
			developmentRegion = English;
			hasScannedForEncodings = 0;
			knownRegions = (
				en,
				Base,
			);
			mainGroup = 66BCB4BE1E72BD0B00FCA642;
			productRefGroup = 66BCB4C81E72BD0C00FCA642 /* Products */;
			projectDirPath = "";
			projectRoot = "";
			targets = (
				66BCB4C61E72BD0C00FCA642 /* netNews */,
			);
		};
/* End PBXProject section */

/* Begin PBXResourcesBuildPhase section */
		66BCB4C51E72BD0C00FCA642 /* Resources */ = {
			isa = PBXResourcesBuildPhase;
			buildActionMask = 2147483647;
			files = (
				66BCB4DA1E72BD0C00FCA642 /* LaunchScreen.storyboard in Resources */,
				66BCB4D71E72BD0C00FCA642 /* Assets.xcassets in Resources */,
				66BCB4EC1E72C41D00FCA642 /* topic_news.json in Resources */,
				66BCB4D51E72BD0C00FCA642 /* Main.storyboard in Resources */,
			);
			runOnlyForDeploymentPostprocessing = 0;
		};
/* End PBXResourcesBuildPhase section */

/* Begin PBXShellScriptBuildPhase section */
		151E591EB38B49FDE363B54D /* [CP] Check Pods Manifest.lock */ = {
			isa = PBXShellScriptBuildPhase;
			buildActionMask = 2147483647;
			files = (
			);
			inputPaths = (
			);
			name = "[CP] Check Pods Manifest.lock";
			outputPaths = (
			);
			runOnlyForDeploymentPostprocessing = 0;
			shellPath = /bin/sh;
			shellScript = "diff \"${PODS_ROOT}/../Podfile.lock\" \"${PODS_ROOT}/Manifest.lock\" > /dev/null\nif [ $? != 0 ] ; then\n    # print error to STDERR\n    echo \"error: The sandbox is not in sync with the Podfile.lock. Run 'pod install' or update your CocoaPods installation.\" >&2\n    exit 1\nfi\n";
			showEnvVarsInLog = 0;
		};
		7A629DB9C7F56AC7F132E59A /* [CP] Embed Pods Frameworks */ = {
			isa = PBXShellScriptBuildPhase;
			buildActionMask = 2147483647;
			files = (
			);
			inputPaths = (
			);
			name = "[CP] Embed Pods Frameworks";
			outputPaths = (
			);
			runOnlyForDeploymentPostprocessing = 0;
			shellPath = /bin/sh;
			shellScript = "\"${SRCROOT}/Pods/Target Support Files/Pods-netNews/Pods-netNews-frameworks.sh\"\n";
			showEnvVarsInLog = 0;
		};
		BBE38DE049A7758F2DCE4847 /* [CP] Copy Pods Resources */ = {
			isa = PBXShellScriptBuildPhase;
			buildActionMask = 2147483647;
			files = (
			);
			inputPaths = (
			);
			name = "[CP] Copy Pods Resources";
			outputPaths = (
			);
			runOnlyForDeploymentPostprocessing = 0;
			shellPath = /bin/sh;
			shellScript = "\"${SRCROOT}/Pods/Target Support Files/Pods-netNews/Pods-netNews-resources.sh\"\n";
			showEnvVarsInLog = 0;
		};
/* End PBXShellScriptBuildPhase section */

/* Begin PBXSourcesBuildPhase section */
		66BCB4C31E72BD0C00FCA642 /* Sources */ = {
			isa = PBXSourcesBuildPhase;
			buildActionMask = 2147483647;
			files = (
				66BCB4F51E72DB0C00FCA642 /* NewsTableViewController.m in Sources */,
				66BCB4CF1E72BD0C00FCA642 /* AppDelegate.m in Sources */,
				66BCB4CC1E72BD0C00FCA642 /* main.m in Sources */,
				66BCB4EA1E72C22400FCA642 /* HomeViewController.m in Sources */,
				66BCB4F91E72DEC000FCA642 /* WebManager.m in Sources */,
				66BCB4EF1E72C61C00FCA642 /* MuLuNewsModel.m in Sources */,
				66BCB4F21E72D5B100FCA642 /* YYLCollectionViewCell.m in Sources */,
			);
			runOnlyForDeploymentPostprocessing = 0;
		};
/* End PBXSourcesBuildPhase section */

/* Begin PBXVariantGroup section */
		66BCB4D31E72BD0C00FCA642 /* Main.storyboard */ = {
			isa = PBXVariantGroup;
			children = (
				66BCB4D41E72BD0C00FCA642 /* Base */,
			);
			name = Main.storyboard;
			sourceTree = "<group>";
		};
		66BCB4D81E72BD0C00FCA642 /* LaunchScreen.storyboard */ = {
			isa = PBXVariantGroup;
			children = (
				66BCB4D91E72BD0C00FCA642 /* Base */,
			);
			name = LaunchScreen.storyboard;
			sourceTree = "<group>";
		};
/* End PBXVariantGroup section */

/* Begin XCBuildConfiguration section */
		66BCB4DC1E72BD0C00FCA642 /* Debug */ = {
			isa = XCBuildConfiguration;
			buildSettings = {
				ALWAYS_SEARCH_USER_PATHS = NO;
				CLANG_ANALYZER_NONNULL = YES;
				CLANG_CXX_LANGUAGE_STANDARD = "gnu++0x";
				CLANG_CXX_LIBRARY = "libc++";
				CLANG_ENABLE_MODULES = YES;
				CLANG_ENABLE_OBJC_ARC = YES;
				CLANG_WARN_BOOL_CONVERSION = YES;
				CLANG_WARN_CONSTANT_CONVERSION = YES;
				CLANG_WARN_DIRECT_OBJC_ISA_USAGE = YES_ERROR;
				CLANG_WARN_DOCUMENTATION_COMMENTS = YES;
				CLANG_WARN_EMPTY_BODY = YES;
				CLANG_WARN_ENUM_CONVERSION = YES;
				CLANG_WARN_INFINITE_RECURSION = YES;
				CLANG_WARN_INT_CONVERSION = YES;
				CLANG_WARN_OBJC_ROOT_CLASS = YES_ERROR;
				CLANG_WARN_SUSPICIOUS_MOVE = YES;
				CLANG_WARN_UNREACHABLE_CODE = YES;
				CLANG_WARN__DUPLICATE_METHOD_MATCH = YES;
				"CODE_SIGN_IDENTITY[sdk=iphoneos*]" = "iPhone Developer";
				COPY_PHASE_STRIP = NO;
				DEBUG_INFORMATION_FORMAT = dwarf;
				ENABLE_STRICT_OBJC_MSGSEND = YES;
				ENABLE_TESTABILITY = YES;
				GCC_C_LANGUAGE_STANDARD = gnu99;
				GCC_DYNAMIC_NO_PIC = NO;
				GCC_NO_COMMON_BLOCKS = YES;
				GCC_OPTIMIZATION_LEVEL = 0;
				GCC_PREPROCESSOR_DEFINITIONS = (
					"DEBUG=1",
					"$(inherited)",
				);
				GCC_WARN_64_TO_32_BIT_CONVERSION = YES;
				GCC_WARN_ABOUT_RETURN_TYPE = YES_ERROR;
				GCC_WARN_UNDECLARED_SELECTOR = YES;
				GCC_WARN_UNINITIALIZED_AUTOS = YES_AGGRESSIVE;
				GCC_WARN_UNUSED_FUNCTION = YES;
				GCC_WARN_UNUSED_VARIABLE = YES;
				IPHONEOS_DEPLOYMENT_TARGET = 10.2;
				MTL_ENABLE_DEBUG_INFO = YES;
				ONLY_ACTIVE_ARCH = YES;
				SDKROOT = iphoneos;
			};
			name = Debug;
		};
		66BCB4DD1E72BD0C00FCA642 /* Release */ = {
			isa = XCBuildConfiguration;
			buildSettings = {
				ALWAYS_SEARCH_USER_PATHS = NO;
				CLANG_ANALYZER_NONNULL = YES;
				CLANG_CXX_LANGUAGE_STANDARD = "gnu++0x";
				CLANG_CXX_LIBRARY = "libc++";
				CLANG_ENABLE_MODULES = YES;
				CLANG_ENABLE_OBJC_ARC = YES;
				CLANG_WARN_BOOL_CONVERSION = YES;
				CLANG_WARN_CONSTANT_CONVERSION = YES;
				CLANG_WARN_DIRECT_OBJC_ISA_USAGE = YES_ERROR;
				CLANG_WARN_DOCUMENTATION_COMMENTS = YES;
				CLANG_WARN_EMPTY_BODY = YES;
				CLANG_WARN_ENUM_CONVERSION = YES;
				CLANG_WARN_INFINITE_RECURSION = YES;
				CLANG_WARN_INT_CONVERSION = YES;
				CLANG_WARN_OBJC_ROOT_CLASS = YES_ERROR;
				CLANG_WARN_SUSPICIOUS_MOVE = YES;
				CLANG_WARN_UNREACHABLE_CODE = YES;
				CLANG_WARN__DUPLICATE_METHOD_MATCH = YES;
				"CODE_SIGN_IDENTITY[sdk=iphoneos*]" = "iPhone Developer";
				COPY_PHASE_STRIP = NO;
				DEBUG_INFORMATION_FORMAT = "dwarf-with-dsym";
				ENABLE_NS_ASSERTIONS = NO;
				ENABLE_STRICT_OBJC_MSGSEND = YES;
				GCC_C_LANGUAGE_STANDARD = gnu99;
				GCC_NO_COMMON_BLOCKS = YES;
				GCC_WARN_64_TO_32_BIT_CONVERSION = YES;
				GCC_WARN_ABOUT_RETURN_TYPE = YES_ERROR;
				GCC_WARN_UNDECLARED_SELECTOR = YES;
				GCC_WARN_UNINITIALIZED_AUTOS = YES_AGGRESSIVE;
				GCC_WARN_UNUSED_FUNCTION = YES;
				GCC_WARN_UNUSED_VARIABLE = YES;
				IPHONEOS_DEPLOYMENT_TARGET = 10.2;
				MTL_ENABLE_DEBUG_INFO = NO;
				SDKROOT = iphoneos;
				VALIDATE_PRODUCT = YES;
			};
			name = Release;
		};
		66BCB4DF1E72BD0C00FCA642 /* Debug */ = {
			isa = XCBuildConfiguration;
			baseConfigurationReference = FA0BA9100F6F8C1B26F02FCD /* Pods-netNews.debug.xcconfig */;
			buildSettings = {
				ASSETCATALOG_COMPILER_APPICON_NAME = AppIcon;
				DEVELOPMENT_TEAM = 36DA94S6CX;
				INFOPLIST_FILE = netNews/Info.plist;
				IPHONEOS_DEPLOYMENT_TARGET = 8.0;
				LD_RUNPATH_SEARCH_PATHS = "$(inherited) @executable_path/Frameworks";
				PRODUCT_BUNDLE_IDENTIFIER = cn.yangyingkei.netNews;
				PRODUCT_NAME = "$(TARGET_NAME)";
			};
			name = Debug;
		};
		66BCB4E01E72BD0C00FCA642 /* Release */ = {
			isa = XCBuildConfiguration;
			baseConfigurationReference = 5FCD7E3E4BA6DECC2AF8084A /* Pods-netNews.release.xcconfig */;
			buildSettings = {
				ASSETCATALOG_COMPILER_APPICON_NAME = AppIcon;
				DEVELOPMENT_TEAM = 36DA94S6CX;
				INFOPLIST_FILE = netNews/Info.plist;
				IPHONEOS_DEPLOYMENT_TARGET = 8.0;
				LD_RUNPATH_SEARCH_PATHS = "$(inherited) @executable_path/Frameworks";
				PRODUCT_BUNDLE_IDENTIFIER = cn.yangyingkei.netNews;
				PRODUCT_NAME = "$(TARGET_NAME)";
			};
			name = Release;
		};
/* End XCBuildConfiguration section */

/* Begin XCConfigurationList section */
		66BCB4C21E72BD0B00FCA642 /* Build configuration list for PBXProject "netNews" */ = {
			isa = XCConfigurationList;
			buildConfigurations = (
				66BCB4DC1E72BD0C00FCA642 /* Debug */,
				66BCB4DD1E72BD0C00FCA642 /* Release */,
			);
			defaultConfigurationIsVisible = 0;
			defaultConfigurationName = Release;
		};
		66BCB4DE1E72BD0C00FCA642 /* Build configuration list for PBXNativeTarget "netNews" */ = {
			isa = XCConfigurationList;
			buildConfigurations = (
				66BCB4DF1E72BD0C00FCA642 /* Debug */,
				66BCB4E01E72BD0C00FCA642 /* Release */,
			);
			defaultConfigurationIsVisible = 0;
			defaultConfigurationName = Release;
		};
/* End XCConfigurationList section */
	};
	rootObject = 66BCB4BF1E72BD0B00FCA642 /* Project object */;
}
